<?xml version="1.0" encoding="utf-8"?>
<Project ToolsVersion="4.0" xmlns="http://schemas.microsoft.com/developer/msbuild/2003">
  <ItemGroup>
    <Filter Include="Source Files">
      <UniqueIdentifier>{4FC737F1-C7A5-4376-A066-2A32D752A2FF}</UniqueIdentifier>
      <Extensions>cpp;c;cc;cxx;def;odl;idl;hpj;bat;asm;asmx</Extensions>
    </Filter>
    <Filter Include="Header Files">
      <UniqueIdentifier>{93995380-89BD-4b04-88EB-625FBE52EBFB}</UniqueIdentifier>
      <Extensions>h;hpp;hxx;hm;inl;inc;xsd</Extensions>
    </Filter>
    <Filter Include="Header Files\mui">
      <UniqueIdentifier>{41ffb7ff-c189-4fd3-8537-417c2b3ce50d}</UniqueIdentifier>
    </Filter>
    <Filter Include="Resource Files">
      <UniqueIdentifier>{67DA6AB6-F800-4c08-8B7A-83BB121AAD01}</UniqueIdentifier>
      <Extensions>rc;ico;cur;bmp;dlg;rc2;rct;bin;rgs;gif;jpg;jpeg;jpe;resx;tiff;tif;png;wav</Extensions>
    </Filter>
  </ItemGroup>
  <ItemGroup>
    <ClCompile Include="..\..\lib\mui\button.c">
      <Filter>Source Files</Filter>
    </ClCompile>
    <ClCompile Include="..\..\lib\mui\displaylist.c">
      <Filter>Source Files</Filter>
    </ClCompile>
    <ClCompile Include="..\..\lib\mui\gizmo.c">
      <Filter>Source Files</Filter>
    </ClCompile>
    <ClCompile Include="..\..\lib\mui\glutmui.c">
      <Filter>Source Files</Filter>
    </ClCompile>
    <ClCompile Include="..\..\lib\mui\hslider.c">
      <Filter>Source Files</Filter>
    </ClCompile>
    <ClCompile Include="..\..\lib\mui\miscui.c">
      <Filter>Source Files</Filter>
    </ClCompile>
    <ClCompile Include="..\..\lib\mui\mui.c">
      <Filter>Source Files</Filter>
    </ClCompile>
    <ClCompile Include="..\..\lib\mui\pulldown.c">
      <Filter>Source Files</Filter>
    </ClCompile>
    <ClCompile Include="..\..\lib\mui\textlist.c">
      <Filter>Source Files</Filter>
    </ClCompile>
    <ClCompile Include="..\..\lib\mui\uicolor.c">
      <Filter>Source Files</Filter>
    </ClCompile>
    <ClCompile Include="..\..\lib\mui\vslider.c">
      <Filter>Source Files</Filter>
    </ClCompile>
  </ItemGroup>
  <ItemGroup>
    <ClInclude Include="..\..\include\mui\browser.h">
      <Filter>Header Files\mui</Filter>
    </ClInclude>
    <ClInclude Include="..\..\include\mui\displaylist.h">
      <Filter>Header Files\mui</Filter>
    </ClInclude>
    <ClInclude Include="..\..\include\mui\gizmo.h">
      <Filter>Header Files\mui</Filter>
    </ClInclude>
    <ClInclude Include="..\..\include\mui\hslider.h">
      <Filter>Header Files\mui</Filter>
    </ClInclude>
    <ClInclude Include="..\..\include\mui\mui.h">
      <Filter>Header Files\mui</Filter>
    </ClInclude>
    <ClInclude Include="..\..\include\mui\textlist.h">
      <Filter>Header Files\mui</Filter>
    </ClInclude>
    <ClInclude Include="..\..\include\mui\uicolor.h">
      <Filter>Header Files\mui</Filter>
    </ClInclude>
    <ClInclude Include="..\..\include\mui\vslider.h">
      <Filter>Header Files\mui</Filter>
    </ClInclude>
  </ItemGroup>
</Project>